
Microsoft Visual Studio Solution File, Format Version 12.00
# Visual Studio Version 16
VisualStudioVersion = 16.0.31702.278
MinimumVisualStudioVersion = 10.0.40219.1
Project("{FAE04EC0-301F-11D3-BF4B-00C04F79EFBC}") = "AutoLotModel", "AutoLotModel\AutoLotModel.csproj", "{3B537C42-4290-4CAF-871F-4B3C5DFFEBA8}"
EndProject
Project("{FAE04EC0-301F-11D3-BF4B-00C04F79EFBC}") = "Malinas_Marian_Lab5", "Malinas_Marian_Lab5\Malinas_Marian_Lab5.csproj", "{B1451055-47E0-4AFA-BD8C-31ADEDFDFE20}"
EndProject
Global
	GlobalSection(SolutionConfigurationPlatforms) = preSolution
		Debug|Any CPU = Debug|Any CPU
		Release|Any CPU = Release|Any CPU
	EndGlobalSection
	GlobalSection(ProjectConfigurationPlatforms) = postSolution
		{3B537C42-4290-4CAF-871F-4B3C5DFFEBA8}.Debug|Any CPU.ActiveCfg = Debug|Any CPU
		{3B537C42-4290-4CAF-871F-4B3C5DFFEBA8}.Debug|Any CPU.Build.0 = Debug|Any CPU
		{3B537C42-4290-4CAF-871F-4B3C5DFFEBA8}.Release|Any CPU.ActiveCfg = Release|Any CPU
		{3B537C42-4290-4CAF-871F-4B3C5DFFEBA8}.Release|Any CPU.Build.0 = Release|Any CPU
		{B1451055-47E0-4AFA-BD8C-31ADEDFDFE20}.Debug|Any CPU.ActiveCfg = Debug|Any CPU
		{B1451055-47E0-4AFA-BD8C-31ADEDFDFE20}.Debug|Any CPU.Build.0 = Debug|Any CPU
		{B1451055-47E0-4AFA-BD8C-31ADEDFDFE20}.Release|Any CPU.ActiveCfg = Release|Any CPU
		{B1451055-47E0-4AFA-BD8C-31ADEDFDFE20}.Release|Any CPU.Build.0 = Release|Any CPU
	EndGlobalSection
	GlobalSection(SolutionProperties) = preSolution
		HideSolutionNode = FALSE
	EndGlobalSection
	GlobalSection(ExtensibilityGlobals) = postSolution
		SolutionGuid = {43697CE8-EFD7-4041-A17C-A4077A117F6B}
	EndGlobalSection
EndGlobal
